
Microsoft Visual Studio Solution File, Format Version 12.00
# Visual Studio Version 17
VisualStudioVersion = 17.14.36301.6 d17.14
MinimumVisualStudioVersion = 10.0.40219.1
Project("{FAE04EC0-301F-11D3-BF4B-00C04F79EFBC}") = "ConnectClient1", "ConnectClient1.csproj", "{085F2E77-44C7-44A9-A3E9-3459A72741A1}"
EndProject
Global
	GlobalSection(SolutionConfigurationPlatforms) = preSolution
		Debug|Any CPU = Debug|Any CPU
		Release|Any CPU = Release|Any CPU
	EndGlobalSection
	GlobalSection(ProjectConfigurationPlatforms) = postSolution
		{085F2E77-44C7-44A9-A3E9-3459A72741A1}.Debug|Any CPU.ActiveCfg = Debug|Any CPU
		{085F2E77-44C7-44A9-A3E9-3459A72741A1}.Debug|Any CPU.Build.0 = Debug|Any CPU
		{085F2E77-44C7-44A9-A3E9-3459A72741A1}.Release|Any CPU.ActiveCfg = Release|Any CPU
		{085F2E77-44C7-44A9-A3E9-3459A72741A1}.Release|Any CPU.Build.0 = Release|Any CPU
	EndGlobalSection
	GlobalSection(SolutionProperties) = preSolution
		HideSolutionNode = FALSE
	EndGlobalSection
	GlobalSection(ExtensibilityGlobals) = postSolution
		SolutionGuid = {5C1777F9-57BA-4018-A71B-AE0E77F50ACD}
	EndGlobalSection
EndGlobal
